// !$*UTF8*$!
{
	archiveVersion = 1;
	classes = {
	};
	objectVersion = 56;
	objects = {

/* Begin PBXBuildFile section */
		0E23AF6C2B6D6BB800BE6F64 /* HistoryModel.xcdatamodeld in Sources */ = {isa = PBXBuildFile; fileRef = 0E23AF6A2B6D6BB800BE6F64 /* HistoryModel.xcdatamodeld */; };
		0E23AF762B6DD4BC00BE6F64 /* GifImage.swift in Sources */ = {isa = PBXBuildFile; fileRef = 0E23AF752B6DD4BC00BE6F64 /* GifImage.swift */; };
		0E9F05122B6FB8DF00A61A21 /* Fairy2.gif in Resources */ = {isa = PBXBuildFile; fileRef = 0E9F05112B6FB8DF00A61A21 /* Fairy2.gif */; };
		0E9F05142B6FBC2700A61A21 /* Fairy3.gif in Resources */ = {isa = PBXBuildFile; fileRef = 0E9F05132B6FBC2700A61A21 /* Fairy3.gif */; };
		0E9F05162B6FBF1E00A61A21 /* Fairy4.gif in Resources */ = {isa = PBXBuildFile; fileRef = 0E9F05152B6FBF1E00A61A21 /* Fairy4.gif */; };
		A580EC772B594FF300445DAF /* WntilApp.swift in Sources */ = {isa = PBXBuildFile; fileRef = A580EC762B594FF300445DAF /* WntilApp.swift */; };
		A580EC7B2B594FF400445DAF /* Assets.xcassets in Resources */ = {isa = PBXBuildFile; fileRef = A580EC7A2B594FF400445DAF /* Assets.xcassets */; };
		A580EC7E2B594FF400445DAF /* Preview Assets.xcassets in Resources */ = {isa = PBXBuildFile; fileRef = A580EC7D2B594FF400445DAF /* Preview Assets.xcassets */; };
		A580EC832B594FF400445DAF /* Wntil.xcdatamodeld in Sources */ = {isa = PBXBuildFile; fileRef = A580EC812B594FF400445DAF /* Wntil.xcdatamodeld */; };
		A580ECA62B59512E00445DAF /* MainPage.swift in Sources */ = {isa = PBXBuildFile; fileRef = A580ECA52B59512E00445DAF /* MainPage.swift */; };
		A580ECA82B59514A00445DAF /* WalkPage.swift in Sources */ = {isa = PBXBuildFile; fileRef = A580ECA72B59514A00445DAF /* WalkPage.swift */; };
		A580ECAC2B59516D00445DAF /* DonePage.swift in Sources */ = {isa = PBXBuildFile; fileRef = A580ECAB2B59516D00445DAF /* DonePage.swift */; };
		A580ECAE2B59517900445DAF /* ProfilePage.swift in Sources */ = {isa = PBXBuildFile; fileRef = A580ECAD2B59517900445DAF /* ProfilePage.swift */; };
		A5987F9A2B613B89005D0FD7 /* DataController.swift in Sources */ = {isa = PBXBuildFile; fileRef = A5987F992B613B89005D0FD7 /* DataController.swift */; };
		A5987F9C2B613CF4005D0FD7 /* OnBoardings.swift in Sources */ = {isa = PBXBuildFile; fileRef = A5987F9B2B613CF4005D0FD7 /* OnBoardings.swift */; };
		A5987F9E2B671F8B005D0FD7 /* HistoryPage.swift in Sources */ = {isa = PBXBuildFile; fileRef = A5987F9D2B671F8B005D0FD7 /* HistoryPage.swift */; };
		A5A7160B2B5D42200001FA13 /* Colors.swift in Sources */ = {isa = PBXBuildFile; fileRef = A5A7160A2B5D42200001FA13 /* Colors.swift */; };
		A5B6DBE72B5EB1D5001D24EC /* SplashPage.swift in Sources */ = {isa = PBXBuildFile; fileRef = A5B6DBE62B5EB1D5001D24EC /* SplashPage.swift */; };
/* End PBXBuildFile section */

/* Begin PBXContainerItemProxy section */
		A580EC892B594FF400445DAF /* PBXContainerItemProxy */ = {
			isa = PBXContainerItemProxy;
			containerPortal = A580EC6B2B594FF300445DAF /* Project object */;
			proxyType = 1;
			remoteGlobalIDString = A580EC722B594FF300445DAF;
			remoteInfo = Wntil;
		};
		A580EC932B594FF400445DAF /* PBXContainerItemProxy */ = {
			isa = PBXContainerItemProxy;
			containerPortal = A580EC6B2B594FF300445DAF /* Project object */;
			proxyType = 1;
			remoteGlobalIDString = A580EC722B594FF300445DAF;
			remoteInfo = Wntil;
		};
/* End PBXContainerItemProxy section */

/* Begin PBXFileReference section */
		0E23AF6B2B6D6BB800BE6F64 /* HistoryModel.xcdatamodel */ = {isa = PBXFileReference; lastKnownFileType = wrapper.xcdatamodel; path = HistoryModel.xcdatamodel; sourceTree = "<group>"; };
		0E23AF752B6DD4BC00BE6F64 /* GifImage.swift */ = {isa = PBXFileReference; lastKnownFileType = sourcecode.swift; path = GifImage.swift; sourceTree = "<group>"; };
		0E9F05112B6FB8DF00A61A21 /* Fairy2.gif */ = {isa = PBXFileReference; lastKnownFileType = image.gif; path = Fairy2.gif; sourceTree = "<group>"; };
		0E9F05132B6FBC2700A61A21 /* Fairy3.gif */ = {isa = PBXFileReference; lastKnownFileType = image.gif; path = Fairy3.gif; sourceTree = "<group>"; };
		0E9F05152B6FBF1E00A61A21 /* Fairy4.gif */ = {isa = PBXFileReference; lastKnownFileType = image.gif; path = Fairy4.gif; sourceTree = "<group>"; };
		A580EC732B594FF300445DAF /* Wntil.app */ = {isa = PBXFileReference; explicitFileType = wrapper.application; includeInIndex = 0; path = Wntil.app; sourceTree = BUILT_PRODUCTS_DIR; };
		A580EC762B594FF300445DAF /* WntilApp.swift */ = {isa = PBXFileReference; lastKnownFileType = sourcecode.swift; path = WntilApp.swift; sourceTree = "<group>"; };
		A580EC7A2B594FF400445DAF /* Assets.xcassets */ = {isa = PBXFileReference; lastKnownFileType = folder.assetcatalog; path = Assets.xcassets; sourceTree = "<group>"; };
		A580EC7D2B594FF400445DAF /* Preview Assets.xcassets */ = {isa = PBXFileReference; lastKnownFileType = folder.assetcatalog; path = "Preview Assets.xcassets"; sourceTree = "<group>"; };
		A580EC822B594FF400445DAF /* Wntil.xcdatamodel */ = {isa = PBXFileReference; lastKnownFileType = wrapper.xcdatamodel; path = Wntil.xcdatamodel; sourceTree = "<group>"; };
		A580EC882B594FF400445DAF /* WntilTests.xctest */ = {isa = PBXFileReference; explicitFileType = wrapper.cfbundle; includeInIndex = 0; path = WntilTests.xctest; sourceTree = BUILT_PRODUCTS_DIR; };
		A580EC922B594FF400445DAF /* WntilUITests.xctest */ = {isa = PBXFileReference; explicitFileType = wrapper.cfbundle; includeInIndex = 0; path = WntilUITests.xctest; sourceTree = BUILT_PRODUCTS_DIR; };
		A580ECA52B59512E00445DAF /* MainPage.swift */ = {isa = PBXFileReference; lastKnownFileType = sourcecode.swift; path = MainPage.swift; sourceTree = "<group>"; };
		A580ECA72B59514A00445DAF /* WalkPage.swift */ = {isa = PBXFileReference; lastKnownFileType = sourcecode.swift; path = WalkPage.swift; sourceTree = "<group>"; };
		A580ECAB2B59516D00445DAF /* DonePage.swift */ = {isa = PBXFileReference; lastKnownFileType = sourcecode.swift; path = DonePage.swift; sourceTree = "<group>"; };
		A580ECAD2B59517900445DAF /* ProfilePage.swift */ = {isa = PBXFileReference; lastKnownFileType = sourcecode.swift; path = ProfilePage.swift; sourceTree = "<group>"; };
		A5987F992B613B89005D0FD7 /* DataController.swift */ = {isa = PBXFileReference; lastKnownFileType = sourcecode.swift; path = DataController.swift; sourceTree = "<group>"; };
		A5987F9B2B613CF4005D0FD7 /* OnBoardings.swift */ = {isa = PBXFileReference; lastKnownFileType = sourcecode.swift; path = OnBoardings.swift; sourceTree = "<group>"; };
		A5987F9D2B671F8B005D0FD7 /* HistoryPage.swift */ = {isa = PBXFileReference; lastKnownFileType = sourcecode.swift; path = HistoryPage.swift; sourceTree = "<group>"; };
		A5A7160A2B5D42200001FA13 /* Colors.swift */ = {isa = PBXFileReference; lastKnownFileType = sourcecode.swift; path = Colors.swift; sourceTree = "<group>"; };
		A5B6DBE62B5EB1D5001D24EC /* SplashPage.swift */ = {isa = PBXFileReference; lastKnownFileType = sourcecode.swift; path = SplashPage.swift; sourceTree = "<group>"; };
		A5FA0F8C2B6A66B300ED2C90 /* Wntil.entitlements */ = {isa = PBXFileReference; lastKnownFileType = text.plist.entitlements; path = Wntil.entitlements; sourceTree = "<group>"; };
/* End PBXFileReference section */

/* Begin PBXFrameworksBuildPhase section */
		A580EC702B594FF300445DAF /* Frameworks */ = {
			isa = PBXFrameworksBuildPhase;
			buildActionMask = 2147483647;
			files = (
			);
			runOnlyForDeploymentPostprocessing = 0;
		};
		A580EC852B594FF400445DAF /* Frameworks */ = {
			isa = PBXFrameworksBuildPhase;
			buildActionMask = 2147483647;
			files = (
			);
			runOnlyForDeploymentPostprocessing = 0;
		};
		A580EC8F2B594FF400445DAF /* Frameworks */ = {
			isa = PBXFrameworksBuildPhase;
			buildActionMask = 2147483647;
			files = (
			);
			runOnlyForDeploymentPostprocessing = 0;
		};
/* End PBXFrameworksBuildPhase section */

/* Begin PBXGroup section */
		A580EC6A2B594FF300445DAF = {
			isa = PBXGroup;
			children = (
				A580EC752B594FF300445DAF /* Wntil */,
				A580EC742B594FF300445DAF /* Products */,
			);
			sourceTree = "<group>";
		};
		A580EC742B594FF300445DAF /* Products */ = {
			isa = PBXGroup;
			children = (
				A580EC732B594FF300445DAF /* Wntil.app */,
				A580EC882B594FF400445DAF /* WntilTests.xctest */,
				A580EC922B594FF400445DAF /* WntilUITests.xctest */,
			);
			name = Products;
			sourceTree = "<group>";
		};
		A580EC752B594FF300445DAF /* Wntil */ = {
			isa = PBXGroup;
			children = (
				0E9F05132B6FBC2700A61A21 /* Fairy3.gif */,
				A5FA0F8C2B6A66B300ED2C90 /* Wntil.entitlements */,
				0E9F05152B6FBF1E00A61A21 /* Fairy4.gif */,
				0E9F05112B6FB8DF00A61A21 /* Fairy2.gif */,
				A580EC762B594FF300445DAF /* WntilApp.swift */,
				A5987F992B613B89005D0FD7 /* DataController.swift */,
				A5B6DBE62B5EB1D5001D24EC /* SplashPage.swift */,
				A5987F9B2B613CF4005D0FD7 /* OnBoardings.swift */,
				A580ECA52B59512E00445DAF /* MainPage.swift */,
				A5987F9D2B671F8B005D0FD7 /* HistoryPage.swift */,
				A580ECA72B59514A00445DAF /* WalkPage.swift */,
				A580ECAB2B59516D00445DAF /* DonePage.swift */,
				A580ECAD2B59517900445DAF /* ProfilePage.swift */,
				0E23AF752B6DD4BC00BE6F64 /* GifImage.swift */,
				A5A7160A2B5D42200001FA13 /* Colors.swift */,
				A580EC7A2B594FF400445DAF /* Assets.xcassets */,
				A580EC812B594FF400445DAF /* Wntil.xcdatamodeld */,
				0E23AF6A2B6D6BB800BE6F64 /* HistoryModel.xcdatamodeld */,
				A580EC7C2B594FF400445DAF /* Preview Content */,
			);
			path = Wntil;
			sourceTree = "<group>";
		};
		A580EC7C2B594FF400445DAF /* Preview Content */ = {
			isa = PBXGroup;
			children = (
				A580EC7D2B594FF400445DAF /* Preview Assets.xcassets */,
			);
			path = "Preview Content";
			sourceTree = "<group>";
		};
/* End PBXGroup section */

/* Begin PBXNativeTarget section */
		A580EC722B594FF300445DAF /* Wntil */ = {
			isa = PBXNativeTarget;
			buildConfigurationList = A580EC9C2B594FF400445DAF /* Build configuration list for PBXNativeTarget "Wntil" */;
			buildPhases = (
				A580EC6F2B594FF300445DAF /* Sources */,
				A580EC702B594FF300445DAF /* Frameworks */,
				A580EC712B594FF300445DAF /* Resources */,
			);
			buildRules = (
			);
			dependencies = (
			);
			name = Wntil;
			productName = Wntil;
			productReference = A580EC732B594FF300445DAF /* Wntil.app */;
			productType = "com.apple.product-type.application";
		};
		A580EC872B594FF400445DAF /* WntilTests */ = {
			isa = PBXNativeTarget;
			buildConfigurationList = A580EC9F2B594FF400445DAF /* Build configuration list for PBXNativeTarget "WntilTests" */;
			buildPhases = (
				A580EC842B594FF400445DAF /* Sources */,
				A580EC852B594FF400445DAF /* Frameworks */,
				A580EC862B594FF400445DAF /* Resources */,
			);
			buildRules = (
			);
			dependencies = (
				A580EC8A2B594FF400445DAF /* PBXTargetDependency */,
			);
			name = WntilTests;
			productName = WntilTests;
			productReference = A580EC882B594FF400445DAF /* WntilTests.xctest */;
			productType = "com.apple.product-type.bundle.unit-test";
		};
		A580EC912B594FF400445DAF /* WntilUITests */ = {
			isa = PBXNativeTarget;
			buildConfigurationList = A580ECA22B594FF400445DAF /* Build configuration list for PBXNativeTarget "WntilUITests" */;
			buildPhases = (
				A580EC8E2B594FF400445DAF /* Sources */,
				A580EC8F2B594FF400445DAF /* Frameworks */,
				A580EC902B594FF400445DAF /* Resources */,
			);
			buildRules = (
			);
			dependencies = (
				A580EC942B594FF400445DAF /* PBXTargetDependency */,
			);
			name = WntilUITests;
			productName = WntilUITests;
			productReference = A580EC922B594FF400445DAF /* WntilUITests.xctest */;
			productType = "com.apple.product-type.bundle.ui-testing";
		};
/* End PBXNativeTarget section */

/* Begin PBXProject section */
		A580EC6B2B594FF300445DAF /* Project object */ = {
			isa = PBXProject;
			attributes = {
				BuildIndependentTargetsInParallel = 1;
				LastSwiftUpdateCheck = 1520;
				LastUpgradeCheck = 1520;
				TargetAttributes = {
					A580EC722B594FF300445DAF = {
						CreatedOnToolsVersion = 15.2;
					};
					A580EC872B594FF400445DAF = {
						CreatedOnToolsVersion = 15.2;
						TestTargetID = A580EC722B594FF300445DAF;
					};
					A580EC912B594FF400445DAF = {
						CreatedOnToolsVersion = 15.2;
						TestTargetID = A580EC722B594FF300445DAF;
					};
				};
			};
			buildConfigurationList = A580EC6E2B594FF300445DAF /* Build configuration list for PBXProject "Wntil" */;
			compatibilityVersion = "Xcode 14.0";
			developmentRegion = en;
			hasScannedForEncodings = 0;
			knownRegions = (
				en,
				Base,
			);
			mainGroup = A580EC6A2B594FF300445DAF;
			productRefGroup = A580EC742B594FF300445DAF /* Products */;
			projectDirPath = "";
			projectRoot = "";
			targets = (
				A580EC722B594FF300445DAF /* Wntil */,
				A580EC872B594FF400445DAF /* WntilTests */,
				A580EC912B594FF400445DAF /* WntilUITests */,
			);
		};
/* End PBXProject section */

/* Begin PBXResourcesBuildPhase section */
		A580EC712B594FF300445DAF /* Resources */ = {
			isa = PBXResourcesBuildPhase;
			buildActionMask = 2147483647;
			files = (
				0E9F05142B6FBC2700A61A21 /* Fairy3.gif in Resources */,
				A580EC7E2B594FF400445DAF /* Preview Assets.xcassets in Resources */,
				0E9F05162B6FBF1E00A61A21 /* Fairy4.gif in Resources */,
				A580EC7B2B594FF400445DAF /* Assets.xcassets in Resources */,
				0E9F05122B6FB8DF00A61A21 /* Fairy2.gif in Resources */,
			);
			runOnlyForDeploymentPostprocessing = 0;
		};
		A580EC862B594FF400445DAF /* Resources */ = {
			isa = PBXResourcesBuildPhase;
			buildActionMask = 2147483647;
			files = (
			);
			runOnlyForDeploymentPostprocessing = 0;
		};
		A580EC902B594FF400445DAF /* Resources */ = {
			isa = PBXResourcesBuildPhase;
			buildActionMask = 2147483647;
			files = (
			);
			runOnlyForDeploymentPostprocessing = 0;
		};
/* End PBXResourcesBuildPhase section */

/* Begin PBXSourcesBuildPhase section */
		A580EC6F2B594FF300445DAF /* Sources */ = {
			isa = PBXSourcesBuildPhase;
			buildActionMask = 2147483647;
			files = (
				A580ECAC2B59516D00445DAF /* DonePage.swift in Sources */,
				A5987F9A2B613B89005D0FD7 /* DataController.swift in Sources */,
				0E23AF762B6DD4BC00BE6F64 /* GifImage.swift in Sources */,
				A5987F9C2B613CF4005D0FD7 /* OnBoardings.swift in Sources */,
				A5A7160B2B5D42200001FA13 /* Colors.swift in Sources */,
				A5987F9E2B671F8B005D0FD7 /* HistoryPage.swift in Sources */,
				A580EC832B594FF400445DAF /* Wntil.xcdatamodeld in Sources */,
				A580ECAE2B59517900445DAF /* ProfilePage.swift in Sources */,
				A580EC772B594FF300445DAF /* WntilApp.swift in Sources */,
				A5B6DBE72B5EB1D5001D24EC /* SplashPage.swift in Sources */,
				A580ECA62B59512E00445DAF /* MainPage.swift in Sources */,
				A580ECA82B59514A00445DAF /* WalkPage.swift in Sources */,
				0E23AF6C2B6D6BB800BE6F64 /* HistoryModel.xcdatamodeld in Sources */,
			);
			runOnlyForDeploymentPostprocessing = 0;
		};
		A580EC842B594FF400445DAF /* Sources */ = {
			isa = PBXSourcesBuildPhase;
			buildActionMask = 2147483647;
			files = (
			);
			runOnlyForDeploymentPostprocessing = 0;
		};
		A580EC8E2B594FF400445DAF /* Sources */ = {
			isa = PBXSourcesBuildPhase;
			buildActionMask = 2147483647;
			files = (
			);
			runOnlyForDeploymentPostprocessing = 0;
		};
/* End PBXSourcesBuildPhase section */

/* Begin PBXTargetDependency section */
		A580EC8A2B594FF400445DAF /* PBXTargetDependency */ = {
			isa = PBXTargetDependency;
			target = A580EC722B594FF300445DAF /* Wntil */;
			targetProxy = A580EC892B594FF400445DAF /* PBXContainerItemProxy */;
		};
		A580EC942B594FF400445DAF /* PBXTargetDependency */ = {
			isa = PBXTargetDependency;
			target = A580EC722B594FF300445DAF /* Wntil */;
			targetProxy = A580EC932B594FF400445DAF /* PBXContainerItemProxy */;
		};
/* End PBXTargetDependency section */

/* Begin XCBuildConfiguration section */
		A580EC9A2B594FF400445DAF /* Debug */ = {
			isa = XCBuildConfiguration;
			buildSettings = {
				ALWAYS_SEARCH_USER_PATHS = NO;
				ASSETCATALOG_COMPILER_GENERATE_SWIFT_ASSET_SYMBOL_EXTENSIONS = YES;
				CLANG_ANALYZER_NONNULL = YES;
				CLANG_ANALYZER_NUMBER_OBJECT_CONVERSION = YES_AGGRESSIVE;
				CLANG_CXX_LANGUAGE_STANDARD = "gnu++20";
				CLANG_ENABLE_MODULES = YES;
				CLANG_ENABLE_OBJC_ARC = YES;
				CLANG_ENABLE_OBJC_WEAK = YES;
				CLANG_WARN_BLOCK_CAPTURE_AUTORELEASING = YES;
				CLANG_WARN_BOOL_CONVERSION = YES;
				CLANG_WARN_COMMA = YES;
				CLANG_WARN_CONSTANT_CONVERSION = YES;
				CLANG_WARN_DEPRECATED_OBJC_IMPLEMENTATIONS = YES;
				CLANG_WARN_DIRECT_OBJC_ISA_USAGE = YES_ERROR;
				CLANG_WARN_DOCUMENTATION_COMMENTS = YES;
				CLANG_WARN_EMPTY_BODY = YES;
				CLANG_WARN_ENUM_CONVERSION = YES;
				CLANG_WARN_INFINITE_RECURSION = YES;
				CLANG_WARN_INT_CONVERSION = YES;
				CLANG_WARN_NON_LITERAL_NULL_CONVERSION = YES;
				CLANG_WARN_OBJC_IMPLICIT_RETAIN_SELF = YES;
				CLANG_WARN_OBJC_LITERAL_CONVERSION = YES;
				CLANG_WARN_OBJC_ROOT_CLASS = YES_ERROR;
				CLANG_WARN_QUOTED_INCLUDE_IN_FRAMEWORK_HEADER = YES;
				CLANG_WARN_RANGE_LOOP_ANALYSIS = YES;
				CLANG_WARN_STRICT_PROTOTYPES = YES;
				CLANG_WARN_SUSPICIOUS_MOVE = YES;
				CLANG_WARN_UNGUARDED_AVAILABILITY = YES_AGGRESSIVE;
				CLANG_WARN_UNREACHABLE_CODE = YES;
				CLANG_WARN__DUPLICATE_METHOD_MATCH = YES;
				COPY_PHASE_STRIP = NO;
				DEBUG_INFORMATION_FORMAT = dwarf;
				ENABLE_STRICT_OBJC_MSGSEND = YES;
				ENABLE_TESTABILITY = YES;
				ENABLE_USER_SCRIPT_SANDBOXING = YES;
				GCC_C_LANGUAGE_STANDARD = gnu17;
				GCC_DYNAMIC_NO_PIC = NO;
				GCC_NO_COMMON_BLOCKS = YES;
				GCC_OPTIMIZATION_LEVEL = 0;
				GCC_PREPROCESSOR_DEFINITIONS = (
					"DEBUG=1",
					"$(inherited)",
				);
				GCC_WARN_64_TO_32_BIT_CONVERSION = YES;
				GCC_WARN_ABOUT_RETURN_TYPE = YES_ERROR;
				GCC_WARN_UNDECLARED_SELECTOR = YES;
				GCC_WARN_UNINITIALIZED_AUTOS = YES_AGGRESSIVE;
				GCC_WARN_UNUSED_FUNCTION = YES;
				GCC_WARN_UNUSED_VARIABLE = YES;
				IPHONEOS_DEPLOYMENT_TARGET = 17.2;
				LOCALIZATION_PREFERS_STRING_CATALOGS = YES;
				MTL_ENABLE_DEBUG_INFO = INCLUDE_SOURCE;
				MTL_FAST_MATH = YES;
				ONLY_ACTIVE_ARCH = YES;
				SDKROOT = iphoneos;
				SWIFT_ACTIVE_COMPILATION_CONDITIONS = "DEBUG $(inherited)";
				SWIFT_OPTIMIZATION_LEVEL = "-Onone";
			};
			name = Debug;
		};
		A580EC9B2B594FF400445DAF /* Release */ = {
			isa = XCBuildConfiguration;
			buildSettings = {
				ALWAYS_SEARCH_USER_PATHS = NO;
				ASSETCATALOG_COMPILER_GENERATE_SWIFT_ASSET_SYMBOL_EXTENSIONS = YES;
				CLANG_ANALYZER_NONNULL = YES;
				CLANG_ANALYZER_NUMBER_OBJECT_CONVERSION = YES_AGGRESSIVE;
				CLANG_CXX_LANGUAGE_STANDARD = "gnu++20";
				CLANG_ENABLE_MODULES = YES;
				CLANG_ENABLE_OBJC_ARC = YES;
				CLANG_ENABLE_OBJC_WEAK = YES;
				CLANG_WARN_BLOCK_CAPTURE_AUTORELEASING = YES;
				CLANG_WARN_BOOL_CONVERSION = YES;
				CLANG_WARN_COMMA = YES;
				CLANG_WARN_CONSTANT_CONVERSION = YES;
				CLANG_WARN_DEPRECATED_OBJC_IMPLEMENTATIONS = YES;
				CLANG_WARN_DIRECT_OBJC_ISA_USAGE = YES_ERROR;
				CLANG_WARN_DOCUMENTATION_COMMENTS = YES;
				CLANG_WARN_EMPTY_BODY = YES;
				CLANG_WARN_ENUM_CONVERSION = YES;
				CLANG_WARN_INFINITE_RECURSION = YES;
				CLANG_WARN_INT_CONVERSION = YES;
				CLANG_WARN_NON_LITERAL_NULL_CONVERSION = YES;
				CLANG_WARN_OBJC_IMPLICIT_RETAIN_SELF = YES;
				CLANG_WARN_OBJC_LITERAL_CONVERSION = YES;
				CLANG_WARN_OBJC_ROOT_CLASS = YES_ERROR;
				CLANG_WARN_QUOTED_INCLUDE_IN_FRAMEWORK_HEADER = YES;
				CLANG_WARN_RANGE_LOOP_ANALYSIS = YES;
				CLANG_WARN_STRICT_PROTOTYPES = YES;
				CLANG_WARN_SUSPICIOUS_MOVE = YES;
				CLANG_WARN_UNGUARDED_AVAILABILITY = YES_AGGRESSIVE;
				CLANG_WARN_UNREACHABLE_CODE = YES;
				CLANG_WARN__DUPLICATE_METHOD_MATCH = YES;
				COPY_PHASE_STRIP = NO;
				DEBUG_INFORMATION_FORMAT = "dwarf-with-dsym";
				ENABLE_NS_ASSERTIONS = NO;
				ENABLE_STRICT_OBJC_MSGSEND = YES;
				ENABLE_USER_SCRIPT_SANDBOXING = YES;
				GCC_C_LANGUAGE_STANDARD = gnu17;
				GCC_NO_COMMON_BLOCKS = YES;
				GCC_WARN_64_TO_32_BIT_CONVERSION = YES;
				GCC_WARN_ABOUT_RETURN_TYPE = YES_ERROR;
				GCC_WARN_UNDECLARED_SELECTOR = YES;
				GCC_WARN_UNINITIALIZED_AUTOS = YES_AGGRESSIVE;
				GCC_WARN_UNUSED_FUNCTION = YES;
				GCC_WARN_UNUSED_VARIABLE = YES;
				IPHONEOS_DEPLOYMENT_TARGET = 17.2;
				LOCALIZATION_PREFERS_STRING_CATALOGS = YES;
				MTL_ENABLE_DEBUG_INFO = NO;
				MTL_FAST_MATH = YES;
				SDKROOT = iphoneos;
				SWIFT_COMPILATION_MODE = wholemodule;
				VALIDATE_PRODUCT = YES;
			};
			name = Release;
		};
		A580EC9D2B594FF400445DAF /* Debug */ = {
			isa = XCBuildConfiguration;
			buildSettings = {
				ASSETCATALOG_COMPILER_APPICON_NAME = AppIcon;
				ASSETCATALOG_COMPILER_GLOBAL_ACCENT_COLOR_NAME = AccentColor;
				CODE_SIGN_ENTITLEMENTS = Wntil/Wntil.entitlements;
				CODE_SIGN_IDENTITY = "Apple Development";
				CODE_SIGN_STYLE = Automatic;
				CURRENT_PROJECT_VERSION = 1;
				DEVELOPMENT_ASSET_PATHS = "\"Wntil/Preview Content\"";
				DEVELOPMENT_TEAM = HFC8L93DU2;
				ENABLE_PREVIEWS = YES;
				GENERATE_INFOPLIST_FILE = YES;
				INFOPLIST_KEY_NSCameraUsageDescription = "Please allow access to camera to capture the object";
				INFOPLIST_KEY_NSMotionUsageDescription = "Please allow access to motion usage to count your steps";
				INFOPLIST_KEY_UIApplicationSceneManifest_Generation = YES;
				INFOPLIST_KEY_UIApplicationSupportsIndirectInputEvents = YES;
				INFOPLIST_KEY_UILaunchScreen_Generation = YES;
				INFOPLIST_KEY_UIStatusBarStyle = "";
				INFOPLIST_KEY_UISupportedInterfaceOrientations = "UIInterfaceOrientationPortrait UIInterfaceOrientationPortraitUpsideDown";
				LD_RUNPATH_SEARCH_PATHS = (
					"$(inherited)",
					"@executable_path/Frameworks",
				);
				MARKETING_VERSION = 1.0;
				PRODUCT_BUNDLE_IDENTIFIER = com.Wntil;
				PRODUCT_NAME = "$(TARGET_NAME)";
				PROVISIONING_PROFILE_SPECIFIER = "";
				SWIFT_EMIT_LOC_STRINGS = YES;
				SWIFT_VERSION = 5.0;
				TARGETED_DEVICE_FAMILY = "1,2";
			};
			name = Debug;
		};
		A580EC9E2B594FF400445DAF /* Release */ = {
			isa = XCBuildConfiguration;
			buildSettings = {
				ASSETCATALOG_COMPILER_APPICON_NAME = AppIcon;
				ASSETCATALOG_COMPILER_GLOBAL_ACCENT_COLOR_NAME = AccentColor;
				CODE_SIGN_ENTITLEMENTS = Wntil/Wntil.entitlements;
				CODE_SIGN_IDENTITY = "Apple Development";
				CODE_SIGN_STYLE = Automatic;
				CURRENT_PROJECT_VERSION = 1;
				DEVELOPMENT_ASSET_PATHS = "\"Wntil/Preview Content\"";
				DEVELOPMENT_TEAM = HFC8L93DU2;
				ENABLE_PREVIEWS = YES;
				GENERATE_INFOPLIST_FILE = YES;
				INFOPLIST_KEY_NSCameraUsageDescription = "Please allow access to camera to capture the object";
				INFOPLIST_KEY_NSMotionUsageDescription = "Please allow access to motion usage to count your steps";
				INFOPLIST_KEY_UIApplicationSceneManifest_Generation = YES;
				INFOPLIST_KEY_UIApplicationSupportsIndirectInputEvents = YES;
				INFOPLIST_KEY_UILaunchScreen_Generation = YES;
				INFOPLIST_KEY_UIStatusBarStyle = "";
				INFOPLIST_KEY_UISupportedInterfaceOrientations = "UIInterfaceOrientationPortrait UIInterfaceOrientationPortraitUpsideDown";
				LD_RUNPATH_SEARCH_PATHS = (
					"$(inherited)",
					"@executable_path/Frameworks",
				);
				MARKETING_VERSION = 1.0;
				PRODUCT_BUNDLE_IDENTIFIER = com.Wntil;
				PRODUCT_NAME = "$(TARGET_NAME)";
				PROVISIONING_PROFILE_SPECIFIER = "";
				SWIFT_EMIT_LOC_STRINGS = YES;
				SWIFT_VERSION = 5.0;
				TARGETED_DEVICE_FAMILY = "1,2";
			};
			name = Release;
		};
		A580ECA02B594FF400445DAF /* Debug */ = {
			isa = XCBuildConfiguration;
			buildSettings = {
				ALWAYS_EMBED_SWIFT_STANDARD_LIBRARIES = YES;
				BUNDLE_LOADER = "$(TEST_HOST)";
				CODE_SIGN_STYLE = Automatic;
				CURRENT_PROJECT_VERSION = 1;
				DEVELOPMENT_TEAM = V6P9B428J2;
				GENERATE_INFOPLIST_FILE = YES;
				IPHONEOS_DEPLOYMENT_TARGET = 17.2;
				MARKETING_VERSION = 1.0;
				PRODUCT_BUNDLE_IDENTIFIER = iOS.WntilTests;
				PRODUCT_NAME = "$(TARGET_NAME)";
				SWIFT_EMIT_LOC_STRINGS = NO;
				SWIFT_VERSION = 5.0;
				TARGETED_DEVICE_FAMILY = "1,2";
				TEST_HOST = "$(BUILT_PRODUCTS_DIR)/Wntil.app/$(BUNDLE_EXECUTABLE_FOLDER_PATH)/Wntil";
			};
			name = Debug;
		};
		A580ECA12B594FF400445DAF /* Release */ = {
			isa = XCBuildConfiguration;
			buildSettings = {
				ALWAYS_EMBED_SWIFT_STANDARD_LIBRARIES = YES;
				BUNDLE_LOADER = "$(TEST_HOST)";
				CODE_SIGN_STYLE = Automatic;
				CURRENT_PROJECT_VERSION = 1;
				DEVELOPMENT_TEAM = V6P9B428J2;
				GENERATE_INFOPLIST_FILE = YES;
				IPHONEOS_DEPLOYMENT_TARGET = 17.2;
				MARKETING_VERSION = 1.0;
				PRODUCT_BUNDLE_IDENTIFIER = iOS.WntilTests;
				PRODUCT_NAME = "$(TARGET_NAME)";
				SWIFT_EMIT_LOC_STRINGS = NO;
				SWIFT_VERSION = 5.0;
				TARGETED_DEVICE_FAMILY = "1,2";
				TEST_HOST = "$(BUILT_PRODUCTS_DIR)/Wntil.app/$(BUNDLE_EXECUTABLE_FOLDER_PATH)/Wntil";
			};
			name = Release;
		};
		A580ECA32B594FF400445DAF /* Debug */ = {
			isa = XCBuildConfiguration;
			buildSettings = {
				ALWAYS_EMBED_SWIFT_STANDARD_LIBRARIES = YES;
				CODE_SIGN_STYLE = Automatic;
				CURRENT_PROJECT_VERSION = 1;
				DEVELOPMENT_TEAM = V6P9B428J2;
				GENERATE_INFOPLIST_FILE = YES;
				MARKETING_VERSION = 1.0;
				PRODUCT_BUNDLE_IDENTIFIER = iOS.WntilUITests;
				PRODUCT_NAME = "$(TARGET_NAME)";
				SWIFT_EMIT_LOC_STRINGS = NO;
				SWIFT_VERSION = 5.0;
				TARGETED_DEVICE_FAMILY = "1,2";
				TEST_TARGET_NAME = Wntil;
			};
			name = Debug;
		};
		A580ECA42B594FF400445DAF /* Release */ = {
			isa = XCBuildConfiguration;
			buildSettings = {
				ALWAYS_EMBED_SWIFT_STANDARD_LIBRARIES = YES;
				CODE_SIGN_STYLE = Automatic;
				CURRENT_PROJECT_VERSION = 1;
				DEVELOPMENT_TEAM = V6P9B428J2;
				GENERATE_INFOPLIST_FILE = YES;
				MARKETING_VERSION = 1.0;
				PRODUCT_BUNDLE_IDENTIFIER = iOS.WntilUITests;
				PRODUCT_NAME = "$(TARGET_NAME)";
				SWIFT_EMIT_LOC_STRINGS = NO;
				SWIFT_VERSION = 5.0;
				TARGETED_DEVICE_FAMILY = "1,2";
				TEST_TARGET_NAME = Wntil;
			};
			name = Release;
		};
/* End XCBuildConfiguration section */

/* Begin XCConfigurationList section */
		A580EC6E2B594FF300445DAF /* Build configuration list for PBXProject "Wntil" */ = {
			isa = XCConfigurationList;
			buildConfigurations = (
				A580EC9A2B594FF400445DAF /* Debug */,
				A580EC9B2B594FF400445DAF /* Release */,
			);
			defaultConfigurationIsVisible = 0;
			defaultConfigurationName = Release;
		};
		A580EC9C2B594FF400445DAF /* Build configuration list for PBXNativeTarget "Wntil" */ = {
			isa = XCConfigurationList;
			buildConfigurations = (
				A580EC9D2B594FF400445DAF /* Debug */,
				A580EC9E2B594FF400445DAF /* Release */,
			);
			defaultConfigurationIsVisible = 0;
			defaultConfigurationName = Release;
		};
		A580EC9F2B594FF400445DAF /* Build configuration list for PBXNativeTarget "WntilTests" */ = {
			isa = XCConfigurationList;
			buildConfigurations = (
				A580ECA02B594FF400445DAF /* Debug */,
				A580ECA12B594FF400445DAF /* Release */,
			);
			defaultConfigurationIsVisible = 0;
			defaultConfigurationName = Release;
		};
		A580ECA22B594FF400445DAF /* Build configuration list for PBXNativeTarget "WntilUITests" */ = {
			isa = XCConfigurationList;
			buildConfigurations = (
				A580ECA32B594FF400445DAF /* Debug */,
				A580ECA42B594FF400445DAF /* Release */,
			);
			defaultConfigurationIsVisible = 0;
			defaultConfigurationName = Release;
		};
/* End XCConfigurationList section */

/* Begin XCVersionGroup section */
		0E23AF6A2B6D6BB800BE6F64 /* HistoryModel.xcdatamodeld */ = {
			isa = XCVersionGroup;
			children = (
				0E23AF6B2B6D6BB800BE6F64 /* HistoryModel.xcdatamodel */,
			);
			currentVersion = 0E23AF6B2B6D6BB800BE6F64 /* HistoryModel.xcdatamodel */;
			path = HistoryModel.xcdatamodeld;
			sourceTree = "<group>";
			versionGroupType = wrapper.xcdatamodel;
		};
		A580EC812B594FF400445DAF /* Wntil.xcdatamodeld */ = {
			isa = XCVersionGroup;
			children = (
				A580EC822B594FF400445DAF /* Wntil.xcdatamodel */,
			);
			currentVersion = A580EC822B594FF400445DAF /* Wntil.xcdatamodel */;
			path = Wntil.xcdatamodeld;
			sourceTree = "<group>";
			versionGroupType = wrapper.xcdatamodel;
		};
/* End XCVersionGroup section */
	};
	rootObject = A580EC6B2B594FF300445DAF /* Project object */;
}
